
Microsoft Visual Studio Solution File, Format Version 12.00
# Visual Studio Version 17
VisualStudioVersion = 17.1.32210.238
MinimumVisualStudioVersion = 10.0.40219.1
Project("{FAE04EC0-301F-11D3-BF4B-00C04F79EFBC}") = "LoginFunctiontoreviewfunction", "LoginFunctiontoreviewfunction\LoginFunctiontoreviewfunction.csproj", "{ADC74301-DA94-48F8-B8F7-4FF5B9192477}"
EndProject
Global
	GlobalSection(SolutionConfigurationPlatforms) = preSolution
		Debug|Any CPU = Debug|Any CPU
		Release|Any CPU = Release|Any CPU
	EndGlobalSection
	GlobalSection(ProjectConfigurationPlatforms) = postSolution
		{ADC74301-DA94-48F8-B8F7-4FF5B9192477}.Debug|Any CPU.ActiveCfg = Debug|Any CPU
		{ADC74301-DA94-48F8-B8F7-4FF5B9192477}.Debug|Any CPU.Build.0 = Debug|Any CPU
		{ADC74301-DA94-48F8-B8F7-4FF5B9192477}.Release|Any CPU.ActiveCfg = Release|Any CPU
		{ADC74301-DA94-48F8-B8F7-4FF5B9192477}.Release|Any CPU.Build.0 = Release|Any CPU
	EndGlobalSection
	GlobalSection(SolutionProperties) = preSolution
		HideSolutionNode = FALSE
	EndGlobalSection
	GlobalSection(ExtensibilityGlobals) = postSolution
		SolutionGuid = {1A7772F9-B6D2-4E15-9294-21321DA2FCCA}
	EndGlobalSection
EndGlobal
